
Microsoft Visual Studio Solution File, Format Version 12.00
# Visual Studio Version 17
VisualStudioVersion = 17.8.34322.80
MinimumVisualStudioVersion = 10.0.40219.1
Project("{9A19103F-16F7-4668-BE54-9A1E7A4F7556}") = "ParkAssist.Core", "ParkAssist.Core\ParkAssist.Core.csproj", "{97AD7A56-9D0A-4651-8B2F-B916ED64420B}"
EndProject
Project("{9A19103F-16F7-4668-BE54-9A1E7A4F7556}") = "ParkAssist.Security", "ParkAssist.Security\ParkAssist.Security.csproj", "{F878190B-C888-4DAE-9BE8-0E2B36DD3634}"
EndProject
Global
	GlobalSection(SolutionConfigurationPlatforms) = preSolution
		Debug|Any CPU = Debug|Any CPU
		Release|Any CPU = Release|Any CPU
	EndGlobalSection
	GlobalSection(ProjectConfigurationPlatforms) = postSolution
		{97AD7A56-9D0A-4651-8B2F-B916ED64420B}.Debug|Any CPU.ActiveCfg = Debug|Any CPU
		{97AD7A56-9D0A-4651-8B2F-B916ED64420B}.Debug|Any CPU.Build.0 = Debug|Any CPU
		{97AD7A56-9D0A-4651-8B2F-B916ED64420B}.Release|Any CPU.ActiveCfg = Release|Any CPU
		{97AD7A56-9D0A-4651-8B2F-B916ED64420B}.Release|Any CPU.Build.0 = Release|Any CPU
		{F878190B-C888-4DAE-9BE8-0E2B36DD3634}.Debug|Any CPU.ActiveCfg = Debug|Any CPU
		{F878190B-C888-4DAE-9BE8-0E2B36DD3634}.Debug|Any CPU.Build.0 = Debug|Any CPU
		{F878190B-C888-4DAE-9BE8-0E2B36DD3634}.Release|Any CPU.ActiveCfg = Release|Any CPU
		{F878190B-C888-4DAE-9BE8-0E2B36DD3634}.Release|Any CPU.Build.0 = Release|Any CPU
	EndGlobalSection
	GlobalSection(SolutionProperties) = preSolution
		HideSolutionNode = FALSE
	EndGlobalSection
	GlobalSection(ExtensibilityGlobals) = postSolution
		SolutionGuid = {7F957F5B-1E88-466A-904A-C4A5DC93B0D9}
	EndGlobalSection
EndGlobal
